// !$*UTF8*$!
{
	archiveVersion = 1;
	classes = {
	};
	objectVersion = 50;
	objects = {

/* Begin PBXBuildFile section */
		CA80B01C21741B3F00CE04A5 /* AppDelegate.swift in Sources */ = {isa = PBXBuildFile; fileRef = CA80B01B21741B3F00CE04A5 /* AppDelegate.swift */; };
		CA80B01E21741B3F00CE04A5 /* ViewController.swift in Sources */ = {isa = PBXBuildFile; fileRef = CA80B01D21741B3F00CE04A5 /* ViewController.swift */; };
		CA80B02121741B3F00CE04A5 /* Main.storyboard in Resources */ = {isa = PBXBuildFile; fileRef = CA80B01F21741B3F00CE04A5 /* Main.storyboard */; };
		CA80B02321741B4100CE04A5 /* Assets.xcassets in Resources */ = {isa = PBXBuildFile; fileRef = CA80B02221741B4100CE04A5 /* Assets.xcassets */; };
		CA80B02621741B4100CE04A5 /* LaunchScreen.storyboard in Resources */ = {isa = PBXBuildFile; fileRef = CA80B02421741B4100CE04A5 /* LaunchScreen.storyboard */; };
		CA80B02E21741CF400CE04A5 /* CoinsChange.swift in Sources */ = {isa = PBXBuildFile; fileRef = CA80B02D21741CF400CE04A5 /* CoinsChange.swift */; };
/* End PBXBuildFile section */

/* Begin PBXFileReference section */
		CA80B01821741B3F00CE04A5 /* greedy.app */ = {isa = PBXFileReference; explicitFileType = wrapper.application; includeInIndex = 0; path = greedy.app; sourceTree = BUILT_PRODUCTS_DIR; };
		CA80B01B21741B3F00CE04A5 /* AppDelegate.swift */ = {isa = PBXFileReference; lastKnownFileType = sourcecode.swift; path = AppDelegate.swift; sourceTree = "<group>"; };
		CA80B01D21741B3F00CE04A5 /* ViewController.swift */ = {isa = PBXFileReference; lastKnownFileType = sourcecode.swift; path = ViewController.swift; sourceTree = "<group>"; };
		CA80B02021741B3F00CE04A5 /* Base */ = {isa = PBXFileReference; lastKnownFileType = file.storyboard; name = Base; path = Base.lproj/Main.storyboard; sourceTree = "<group>"; };
		CA80B02221741B4100CE04A5 /* Assets.xcassets */ = {isa = PBXFileReference; lastKnownFileType = folder.assetcatalog; path = Assets.xcassets; sourceTree = "<group>"; };
		CA80B02521741B4100CE04A5 /* Base */ = {isa = PBXFileReference; lastKnownFileType = file.storyboard; name = Base; path = Base.lproj/LaunchScreen.storyboard; sourceTree = "<group>"; };
		CA80B02721741B4100CE04A5 /* Info.plist */ = {isa = PBXFileReference; lastKnownFileType = text.plist.xml; path = Info.plist; sourceTree = "<group>"; };
		CA80B02D21741CF400CE04A5 /* CoinsChange.swift */ = {isa = PBXFileReference; lastKnownFileType = sourcecode.swift; path = CoinsChange.swift; sourceTree = "<group>"; };
/* End PBXFileReference section */

/* Begin PBXFrameworksBuildPhase section */
		CA80B01521741B3F00CE04A5 /* Frameworks */ = {
			isa = PBXFrameworksBuildPhase;
			buildActionMask = 2147483647;
			files = (
			);
			runOnlyForDeploymentPostprocessing = 0;
		};
/* End PBXFrameworksBuildPhase section */

/* Begin PBXGroup section */
		CA80B00F21741B3E00CE04A5 = {
			isa = PBXGroup;
			children = (
				CA80B01A21741B3F00CE04A5 /* greedy */,
				CA80B01921741B3F00CE04A5 /* Products */,
			);
			sourceTree = "<group>";
		};
		CA80B01921741B3F00CE04A5 /* Products */ = {
			isa = PBXGroup;
			children = (
				CA80B01821741B3F00CE04A5 /* greedy.app */,
			);
			name = Products;
			sourceTree = "<group>";
		};
		CA80B01A21741B3F00CE04A5 /* greedy */ = {
			isa = PBXGroup;
			children = (
				CA80B01B21741B3F00CE04A5 /* AppDelegate.swift */,
				CA80B01D21741B3F00CE04A5 /* ViewController.swift */,
				CA80B01F21741B3F00CE04A5 /* Main.storyboard */,
				CA80B02221741B4100CE04A5 /* Assets.xcassets */,
				CA80B02421741B4100CE04A5 /* LaunchScreen.storyboard */,
				CA80B02721741B4100CE04A5 /* Info.plist */,
				CA80B02D21741CF400CE04A5 /* CoinsChange.swift */,
			);
			path = greedy;
			sourceTree = "<group>";
		};
/* End PBXGroup section */

/* Begin PBXNativeTarget section */
		CA80B01721741B3F00CE04A5 /* greedy */ = {
			isa = PBXNativeTarget;
			buildConfigurationList = CA80B02A21741B4100CE04A5 /* Build configuration list for PBXNativeTarget "greedy" */;
			buildPhases = (
				CA80B01421741B3F00CE04A5 /* Sources */,
				CA80B01521741B3F00CE04A5 /* Frameworks */,
				CA80B01621741B3F00CE04A5 /* Resources */,
			);
			buildRules = (
			);
			dependencies = (
			);
			name = greedy;
			productName = greedy;
			productReference = CA80B01821741B3F00CE04A5 /* greedy.app */;
			productType = "com.apple.product-type.application";
		};
/* End PBXNativeTarget section */

/* Begin PBXProject section */
		CA80B01021741B3E00CE04A5 /* Project object */ = {
			isa = PBXProject;
			attributes = {
				LastSwiftUpdateCheck = 0940;
				LastUpgradeCheck = 0940;
				ORGANIZATIONNAME = "Djorkaeff Alexandre Vilela Pereira";
				TargetAttributes = {
					CA80B01721741B3F00CE04A5 = {
						CreatedOnToolsVersion = 9.4.1;
					};
				};
			};
			buildConfigurationList = CA80B01321741B3E00CE04A5 /* Build configuration list for PBXProject "greedy" */;
			compatibilityVersion = "Xcode 9.3";
			developmentRegion = en;
			hasScannedForEncodings = 0;
			knownRegions = (
				en,
				Base,
			);
			mainGroup = CA80B00F21741B3E00CE04A5;
			productRefGroup = CA80B01921741B3F00CE04A5 /* Products */;
			projectDirPath = "";
			projectRoot = "";
			targets = (
				CA80B01721741B3F00CE04A5 /* greedy */,
			);
		};
/* End PBXProject section */

/* Begin PBXResourcesBuildPhase section */
		CA80B01621741B3F00CE04A5 /* Resources */ = {
			isa = PBXResourcesBuildPhase;
			buildActionMask = 2147483647;
			files = (
				CA80B02621741B4100CE04A5 /* LaunchScreen.storyboard in Resources */,
				CA80B02321741B4100CE04A5 /* Assets.xcassets in Resources */,
				CA80B02121741B3F00CE04A5 /* Main.storyboard in Resources */,
			);
			runOnlyForDeploymentPostprocessing = 0;
		};
/* End PBXResourcesBuildPhase section */

/* Begin PBXSourcesBuildPhase section */
		CA80B01421741B3F00CE04A5 /* Sources */ = {
			isa = PBXSourcesBuildPhase;
			buildActionMask = 2147483647;
			files = (
				CA80B02E21741CF400CE04A5 /* CoinsChange.swift in Sources */,
				CA80B01E21741B3F00CE04A5 /* ViewController.swift in Sources */,
				CA80B01C21741B3F00CE04A5 /* AppDelegate.swift in Sources */,
			);
			runOnlyForDeploymentPostprocessing = 0;
		};
/* End PBXSourcesBuildPhase section */

/* Begin PBXVariantGroup section */
		CA80B01F21741B3F00CE04A5 /* Main.storyboard */ = {
			isa = PBXVariantGroup;
			children = (
				CA80B02021741B3F00CE04A5 /* Base */,
			);
			name = Main.storyboard;
			sourceTree = "<group>";
		};
		CA80B02421741B4100CE04A5 /* LaunchScreen.storyboard */ = {
			isa = PBXVariantGroup;
			children = (
				CA80B02521741B4100CE04A5 /* Base */,
			);
			name = LaunchScreen.storyboard;
			sourceTree = "<group>";
		};
/* End PBXVariantGroup section */

/* Begin XCBuildConfiguration section */
		CA80B02821741B4100CE04A5 /* Debug */ = {
			isa = XCBuildConfiguration;
			buildSettings = {
				ALWAYS_SEARCH_USER_PATHS = NO;
				CLANG_ANALYZER_NONNULL = YES;
				CLANG_ANALYZER_NUMBER_OBJECT_CONVERSION = YES_AGGRESSIVE;
				CLANG_CXX_LANGUAGE_STANDARD = "gnu++14";
				CLANG_CXX_LIBRARY = "libc++";
				CLANG_ENABLE_MODULES = YES;
				CLANG_ENABLE_OBJC_ARC = YES;
				CLANG_ENABLE_OBJC_WEAK = YES;
				CLANG_WARN_BLOCK_CAPTURE_AUTORELEASING = YES;
				CLANG_WARN_BOOL_CONVERSION = YES;
				CLANG_WARN_COMMA = YES;
				CLANG_WARN_CONSTANT_CONVERSION = YES;
				CLANG_WARN_DEPRECATED_OBJC_IMPLEMENTATIONS = YES;
				CLANG_WARN_DIRECT_OBJC_ISA_USAGE = YES_ERROR;
				CLANG_WARN_DOCUMENTATION_COMMENTS = YES;
				CLANG_WARN_EMPTY_BODY = YES;
				CLANG_WARN_ENUM_CONVERSION = YES;
				CLANG_WARN_INFINITE_RECURSION = YES;
				CLANG_WARN_INT_CONVERSION = YES;
				CLANG_WARN_NON_LITERAL_NULL_CONVERSION = YES;
				CLANG_WARN_OBJC_IMPLICIT_RETAIN_SELF = YES;
				CLANG_WARN_OBJC_LITERAL_CONVERSION = YES;
				CLANG_WARN_OBJC_ROOT_CLASS = YES_ERROR;
				CLANG_WARN_RANGE_LOOP_ANALYSIS = YES;
				CLANG_WARN_STRICT_PROTOTYPES = YES;
				CLANG_WARN_SUSPICIOUS_MOVE = YES;
				CLANG_WARN_UNGUARDED_AVAILABILITY = YES_AGGRESSIVE;
				CLANG_WARN_UNREACHABLE_CODE = YES;
				CLANG_WARN__DUPLICATE_METHOD_MATCH = YES;
				CODE_SIGN_IDENTITY = "iPhone Developer";
				COPY_PHASE_STRIP = NO;
				DEBUG_INFORMATION_FORMAT = dwarf;
				ENABLE_STRICT_OBJC_MSGSEND = YES;
				ENABLE_TESTABILITY = YES;
				GCC_C_LANGUAGE_STANDARD = gnu11;
				GCC_DYNAMIC_NO_PIC = NO;
				GCC_NO_COMMON_BLOCKS = YES;
				GCC_OPTIMIZATION_LEVEL = 0;
				GCC_PREPROCESSOR_DEFINITIONS = (
					"DEBUG=1",
					"$(inherited)",
				);
				GCC_WARN_64_TO_32_BIT_CONVERSION = YES;
				GCC_WARN_ABOUT_RETURN_TYPE = YES_ERROR;
				GCC_WARN_UNDECLARED_SELECTOR = YES;
				GCC_WARN_UNINITIALIZED_AUTOS = YES_AGGRESSIVE;
				GCC_WARN_UNUSED_FUNCTION = YES;
				GCC_WARN_UNUSED_VARIABLE = YES;
				IPHONEOS_DEPLOYMENT_TARGET = 11.4;
				MTL_ENABLE_DEBUG_INFO = YES;
				ONLY_ACTIVE_ARCH = YES;
				SDKROOT = iphoneos;
				SWIFT_ACTIVE_COMPILATION_CONDITIONS = DEBUG;
				SWIFT_OPTIMIZATION_LEVEL = "-Onone";
			};
			name = Debug;
		};
		CA80B02921741B4100CE04A5 /* Release */ = {
			isa = XCBuildConfiguration;
			buildSettings = {
				ALWAYS_SEARCH_USER_PATHS = NO;
				CLANG_ANALYZER_NONNULL = YES;
				CLANG_ANALYZER_NUMBER_OBJECT_CONVERSION = YES_AGGRESSIVE;
				CLANG_CXX_LANGUAGE_STANDARD = "gnu++14";
				CLANG_CXX_LIBRARY = "libc++";
				CLANG_ENABLE_MODULES = YES;
				CLANG_ENABLE_OBJC_ARC = YES;
				CLANG_ENABLE_OBJC_WEAK = YES;
				CLANG_WARN_BLOCK_CAPTURE_AUTORELEASING = YES;
				CLANG_WARN_BOOL_CONVERSION = YES;
				CLANG_WARN_COMMA = YES;
				CLANG_WARN_CONSTANT_CONVERSION = YES;
				CLANG_WARN_DEPRECATED_OBJC_IMPLEMENTATIONS = YES;
				CLANG_WARN_DIRECT_OBJC_ISA_USAGE = YES_ERROR;
				CLANG_WARN_DOCUMENTATION_COMMENTS = YES;
				CLANG_WARN_EMPTY_BODY = YES;
				CLANG_WARN_ENUM_CONVERSION = YES;
				CLANG_WARN_INFINITE_RECURSION = YES;
				CLANG_WARN_INT_CONVERSION = YES;
				CLANG_WARN_NON_LITERAL_NULL_CONVERSION = YES;
				CLANG_WARN_OBJC_IMPLICIT_RETAIN_SELF = YES;
				CLANG_WARN_OBJC_LITERAL_CONVERSION = YES;
				CLANG_WARN_OBJC_ROOT_CLASS = YES_ERROR;
				CLANG_WARN_RANGE_LOOP_ANALYSIS = YES;
				CLANG_WARN_STRICT_PROTOTYPES = YES;
				CLANG_WARN_SUSPICIOUS_MOVE = YES;
				CLANG_WARN_UNGUARDED_AVAILABILITY = YES_AGGRESSIVE;
				CLANG_WARN_UNREACHABLE_CODE = YES;
				CLANG_WARN__DUPLICATE_METHOD_MATCH = YES;
				CODE_SIGN_IDENTITY = "iPhone Developer";
				COPY_PHASE_STRIP = NO;
				DEBUG_INFORMATION_FORMAT = "dwarf-with-dsym";
				ENABLE_NS_ASSERTIONS = NO;
				ENABLE_STRICT_OBJC_MSGSEND = YES;
				GCC_C_LANGUAGE_STANDARD = gnu11;
				GCC_NO_COMMON_BLOCKS = YES;
				GCC_WARN_64_TO_32_BIT_CONVERSION = YES;
				GCC_WARN_ABOUT_RETURN_TYPE = YES_ERROR;
				GCC_WARN_UNDECLARED_SELECTOR = YES;
				GCC_WARN_UNINITIALIZED_AUTOS = YES_AGGRESSIVE;
				GCC_WARN_UNUSED_FUNCTION = YES;
				GCC_WARN_UNUSED_VARIABLE = YES;
				IPHONEOS_DEPLOYMENT_TARGET = 11.4;
				MTL_ENABLE_DEBUG_INFO = NO;
				SDKROOT = iphoneos;
				SWIFT_COMPILATION_MODE = wholemodule;
				SWIFT_OPTIMIZATION_LEVEL = "-O";
				VALIDATE_PRODUCT = YES;
			};
			name = Release;
		};
		CA80B02B21741B4100CE04A5 /* Debug */ = {
			isa = XCBuildConfiguration;
			buildSettings = {
				ASSETCATALOG_COMPILER_APPICON_NAME = AppIcon;
				CODE_SIGN_STYLE = Automatic;
				DEVELOPMENT_TEAM = PHM6B5Y356;
				INFOPLIST_FILE = greedy/Info.plist;
				LD_RUNPATH_SEARCH_PATHS = (
					"$(inherited)",
					"@executable_path/Frameworks",
				);
				PRODUCT_BUNDLE_IDENTIFIER = com.djorkaeffalexandre.greedy;
				PRODUCT_NAME = "$(TARGET_NAME)";
				SWIFT_VERSION = 4.0;
				TARGETED_DEVICE_FAMILY = "1,2";
			};
			name = Debug;
		};
		CA80B02C21741B4100CE04A5 /* Release */ = {
			isa = XCBuildConfiguration;
			buildSettings = {
				ASSETCATALOG_COMPILER_APPICON_NAME = AppIcon;
				CODE_SIGN_STYLE = Automatic;
				DEVELOPMENT_TEAM = PHM6B5Y356;
				INFOPLIST_FILE = greedy/Info.plist;
				LD_RUNPATH_SEARCH_PATHS = (
					"$(inherited)",
					"@executable_path/Frameworks",
				);
				PRODUCT_BUNDLE_IDENTIFIER = com.djorkaeffalexandre.greedy;
				PRODUCT_NAME = "$(TARGET_NAME)";
				SWIFT_VERSION = 4.0;
				TARGETED_DEVICE_FAMILY = "1,2";
			};
			name = Release;
		};
/* End XCBuildConfiguration section */

/* Begin XCConfigurationList section */
		CA80B01321741B3E00CE04A5 /* Build configuration list for PBXProject "greedy" */ = {
			isa = XCConfigurationList;
			buildConfigurations = (
				CA80B02821741B4100CE04A5 /* Debug */,
				CA80B02921741B4100CE04A5 /* Release */,
			);
			defaultConfigurationIsVisible = 0;
			defaultConfigurationName = Release;
		};
		CA80B02A21741B4100CE04A5 /* Build configuration list for PBXNativeTarget "greedy" */ = {
			isa = XCConfigurationList;
			buildConfigurations = (
				CA80B02B21741B4100CE04A5 /* Debug */,
				CA80B02C21741B4100CE04A5 /* Release */,
			);
			defaultConfigurationIsVisible = 0;
			defaultConfigurationName = Release;
		};
/* End XCConfigurationList section */
	};
	rootObject = CA80B01021741B3E00CE04A5 /* Project object */;
}
